github.com/a-h/templ v0.2.697 h1:OILxtWvD0NRJaoCOiZCopRDPW8paroKlGsrAiHLykNE=
github.com/a-h/templ v0.2.697/go.mod h1:5cqsugkq9IerRNucNsI4DEamdHPsoGMQy99DzydLhM8=
github.com/gomarkdown/markdown v0.0.0-20240419095408-642f0ee99ae2 h1:yEt5djSYb4iNtmV9iJGVday+i4e9u6Mrn5iP64HH5QM=
github.com/gomarkdown/markdown v0.0.0-20240419095408-642f0ee99ae2/go.mod h1:JDGcbDT52eL4fju3sZ4TeHGsQwhG9nbDV21aMyhwPoA=
github.com/gomarkdown/mdtohtml v0.0.0-20240124153210-d773061d1585 h1:gfB9CukKWjBI83xByTJwpOkSwFD+Ev+2m3U332KZCLo=
github.com/gomarkdown/mdtohtml v0.0.0-20240124153210-d773061d1585/go.mod h1:6grYm5/uY15CwgBBqwA3+o/cAzaxssckznJ0B35ouBY=
